<?xml version="1.0" encoding="utf-8"?>
<Project ToolsVersion="4.0" xmlns="http://schemas.microsoft.com/developer/msbuild/2003">
  <ItemGroup>
    <Filter Include="Source Files">
      <UniqueIdentifier>{4FC737F1-C7A5-4376-A066-2A32D752A2FF}</UniqueIdentifier>
      <Extensions>cpp;c;cc;cxx;def;odl;idl;hpj;bat;asm;asmx</Extensions>
    </Filter>
    <Filter Include="Header Files">
      <UniqueIdentifier>{93995380-89BD-4b04-88EB-625FBE52EBFB}</UniqueIdentifier>
      <Extensions>h;hh;hpp;hxx;hm;inl;inc;ipp;xsd</Extensions>
    </Filter>
    <Filter Include="Resource Files">
      <UniqueIdentifier>{67DA6AB6-F800-4c08-8B7A-83BB121AAD01}</UniqueIdentifier>
      <Extensions>rc;ico;cur;bmp;dlg;rc2;rct;bin;rgs;gif;jpg;jpeg;jpe;resx;tiff;tif;png;wav;mfcribbon-ms</Extensions>
    </Filter>
  </ItemGroup>
  <ItemGroup>
    <ClCompile Include="Sources\Gold.cpp">
      <Filter>Source Files</Filter>
    </ClCompile>
    <ClCompile Include="Sources\Enemy.cpp">
      <Filter>Source Files</Filter>
    </ClCompile>
    <ClCompile Include="Sources\Button.cpp">
      <Filter>Source Files</Filter>
    </ClCompile>
    <ClCompile Include="Sources\Audio.cpp">
      <Filter>Source Files</Filter>
    </ClCompile>
    <ClCompile Include="Sources\MultiMediaRecording\VideoParameters.cpp">
      <Filter>Source Files</Filter>
    </ClCompile>
    <ClCompile Include="Sources\MultiMediaRecording\Stream.cpp">
      <Filter>Source Files</Filter>
    </ClCompile>
    <ClCompile Include="Sources\MultiMediaRecording\VideoStream.cpp">
      <Filter>Source Files</Filter>
    </ClCompile>
    <ClCompile Include="Sources\MultiMediaRecording\AudioStream.cpp">
      <Filter>Source Files</Filter>
    </ClCompile>
    <ClCompile Include="Sources\MultiMediaRecording\AudioParameters.cpp">
      <Filter>Source Files</Filter>
    </ClCompile>
    <ClCompile Include="Sources\MultiMediaRecording\MultiMedia.cpp">
      <Filter>Source Files</Filter>
    </ClCompile>
    <ClCompile Include="Sources\GLHelper.cpp">
      <Filter>Source Files</Filter>
    </ClCompile>
    <ClCompile Include="Sources\MultiMediaRecording\MultiMediaHelper.cpp">
      <Filter>Source Files</Filter>
    </ClCompile>
    <ClCompile Include="$(LR_INCLUDE_DIR)\glad.c">
      <Filter>Source Files</Filter>
    </ClCompile>
    <ClCompile Include="Sources\States\GameOver.cpp">
      <Filter>Source Files</Filter>
    </ClCompile>
    <ClCompile Include="Sources\States\GamePlay.cpp">
      <Filter>Source Files</Filter>
    </ClCompile>
    <ClCompile Include="Sources\States\Intro.cpp">
      <Filter>Source Files</Filter>
    </ClCompile>
    <ClCompile Include="Sources\States\MainMenu.cpp">
      <Filter>Source Files</Filter>
    </ClCompile>
    <ClCompile Include="Sources\States\Outro.cpp">
      <Filter>Source Files</Filter>
    </ClCompile>
    <ClCompile Include="Sources\States\State.cpp">
      <Filter>Source Files</Filter>
    </ClCompile>
    <ClCompile Include="Sources\States\StateContext.cpp">
      <Filter>Source Files</Filter>
    </ClCompile>
    <ClCompile Include="Sources\States\Generator.cpp">
      <Filter>Source Files</Filter>
    </ClCompile>
    <ClCompile Include="Sources\States\Select.cpp">
      <Filter>Source Files</Filter>
    </ClCompile>
    <ClCompile Include="Sources\GameStates\Play.cpp">
      <Filter>Source Files</Filter>
    </ClCompile>
    <ClCompile Include="Sources\GameStates\Begin.cpp">
      <Filter>Source Files</Filter>
    </ClCompile>
    <ClCompile Include="Sources\GameStates\Death.cpp">
      <Filter>Source Files</Filter>
    </ClCompile>
    <ClCompile Include="Sources\GameStates\GameState.cpp">
      <Filter>Source Files</Filter>
    </ClCompile>
    <ClCompile Include="Sources\GameStates\Pause.cpp">
      <Filter>Source Files</Filter>
    </ClCompile>
    <ClCompile Include="Sources\Player.cpp">
      <Filter>Source Files</Filter>
    </ClCompile>
    <ClCompile Include="Sources\Brick.cpp">
      <Filter>Source Files</Filter>
    </ClCompile>
    <ClCompile Include="Sources\GameTime.cpp">
      <Filter>Source Files</Filter>
    </ClCompile>
    <ClCompile Include="Sources\Drawing.cpp">
      <Filter>Source Files</Filter>
    </ClCompile>
    <ClCompile Include="Sources\IOHandler.cpp">
      <Filter>Source Files</Filter>
    </ClCompile>
    <ClCompile Include="Sources\Main.cpp">
      <Filter>Source Files</Filter>
    </ClCompile>
  </ItemGroup>
  <ItemGroup>
    <ClInclude Include="Sources\Audio.h">
      <Filter>Header Files</Filter>
    </ClInclude>
    <ClInclude Include="Sources\Brick.h">
      <Filter>Header Files</Filter>
    </ClInclude>
    <ClInclude Include="Sources\Button.h">
      <Filter>Header Files</Filter>
    </ClInclude>
    <ClInclude Include="Sources\Drawing.h">
      <Filter>Header Files</Filter>
    </ClInclude>
    <ClInclude Include="Sources\Enemy.h">
      <Filter>Header Files</Filter>
    </ClInclude>
    <ClInclude Include="Sources\GameTime.h">
      <Filter>Header Files</Filter>
    </ClInclude>
    <ClInclude Include="Sources\GLHelper.h">
      <Filter>Header Files</Filter>
    </ClInclude>
    <ClInclude Include="Sources\Gold.h">
      <Filter>Header Files</Filter>
    </ClInclude>
    <ClInclude Include="Sources\IOHandler.h">
      <Filter>Header Files</Filter>
    </ClInclude>
    <ClInclude Include="Sources\Player.h">
      <Filter>Header Files</Filter>
    </ClInclude>
    <ClInclude Include="Sources\TextureMap.h">
      <Filter>Header Files</Filter>
    </ClInclude>
    <ClInclude Include="Sources\Trapdoor.h">
      <Filter>Header Files</Filter>
    </ClInclude>
    <ClInclude Include="Sources\Enums\AudioStatus.h">
      <Filter>Header Files</Filter>
    </ClInclude>
    <ClInclude Include="Sources\Enums\Direction.h">
      <Filter>Header Files</Filter>
    </ClInclude>
    <ClInclude Include="Sources\Enums\EnemyState.h">
      <Filter>Header Files</Filter>
    </ClInclude>
    <ClInclude Include="Sources\Enums\LayoutBlock.h">
      <Filter>Header Files</Filter>
    </ClInclude>
    <ClInclude Include="Sources\Enums\PitState.h">
      <Filter>Header Files</Filter>
    </ClInclude>
    <ClInclude Include="Sources\GameStates\Begin.h">
      <Filter>Header Files</Filter>
    </ClInclude>
    <ClInclude Include="Sources\GameStates\Death.h">
      <Filter>Header Files</Filter>
    </ClInclude>
    <ClInclude Include="Sources\GameStates\GameState.h">
      <Filter>Header Files</Filter>
    </ClInclude>
    <ClInclude Include="Sources\GameStates\Pause.h">
      <Filter>Header Files</Filter>
    </ClInclude>
    <ClInclude Include="Sources\GameStates\Play.h">
      <Filter>Header Files</Filter>
    </ClInclude>
    <ClInclude Include="Sources\MultiMediaRecording\AudioParameters.h">
      <Filter>Header Files</Filter>
    </ClInclude>
    <ClInclude Include="Sources\MultiMediaRecording\AudioStream.h">
      <Filter>Header Files</Filter>
    </ClInclude>
    <ClInclude Include="Sources\MultiMediaRecording\MultiMedia.h">
      <Filter>Header Files</Filter>
    </ClInclude>
    <ClInclude Include="Sources\MultiMediaRecording\MultiMediaHelper.h">
      <Filter>Header Files</Filter>
    </ClInclude>
    <ClInclude Include="Sources\MultiMediaRecording\RecordingState.h">
      <Filter>Header Files</Filter>
    </ClInclude>
    <ClInclude Include="Sources\MultiMediaRecording\Stream.h">
      <Filter>Header Files</Filter>
    </ClInclude>
    <ClInclude Include="Sources\MultiMediaRecording\VideoParameters.h">
      <Filter>Header Files</Filter>
    </ClInclude>
    <ClInclude Include="Sources\MultiMediaRecording\VideoStream.h">
      <Filter>Header Files</Filter>
    </ClInclude>
    <ClInclude Include="Sources\States\GameOver.h">
      <Filter>Header Files</Filter>
    </ClInclude>
    <ClInclude Include="Sources\States\GamePlay.h">
      <Filter>Header Files</Filter>
    </ClInclude>
    <ClInclude Include="Sources\States\Generator.h">
      <Filter>Header Files</Filter>
    </ClInclude>
    <ClInclude Include="Sources\States\Intro.h">
      <Filter>Header Files</Filter>
    </ClInclude>
    <ClInclude Include="Sources\States\MainMenu.h">
      <Filter>Header Files</Filter>
    </ClInclude>
    <ClInclude Include="Sources\States\Outro.h">
      <Filter>Header Files</Filter>
    </ClInclude>
    <ClInclude Include="Sources\States\Select.h">
      <Filter>Header Files</Filter>
    </ClInclude>
    <ClInclude Include="Sources\States\State.h">
      <Filter>Header Files</Filter>
    </ClInclude>
    <ClInclude Include="Sources\States\StateContext.h">
      <Filter>Header Files</Filter>
    </ClInclude>
    <ClInclude Include="Sources\Structs\Vector2D.h">
      <Filter>Header Files</Filter>
    </ClInclude>
    <ClInclude Include="Sources\Structs\Vector2DInt.h">
      <Filter>Header Files</Filter>
    </ClInclude>
  </ItemGroup>
</Project>