
Microsoft Visual Studio Solution File, Format Version 12.00
# Visual Studio Version 16
VisualStudioVersion = 16.0.29728.190
MinimumVisualStudioVersion = 10.0.40219.1
Project("{8BC9CEB8-8B4A-11D0-8D11-00A0C91BC942}") = "Lode Runner", "Lode Runner.vcxproj", "{F3F49A68-C964-48AB-98D3-4143599141CD}"
EndProject
Global
	GlobalSection(SolutionConfigurationPlatforms) = preSolution
		Debug|x64 = Debug|x64
		Release|x64 = Release|x64
		ReleaseWithVideo|x64 = ReleaseWithVideo|x64
	EndGlobalSection
	GlobalSection(ProjectConfigurationPlatforms) = postSolution
		{F3F49A68-C964-48AB-98D3-4143599141CD}.Debug|x64.ActiveCfg = Debug|x64
		{F3F49A68-C964-48AB-98D3-4143599141CD}.Debug|x64.Build.0 = Debug|x64
		{F3F49A68-C964-48AB-98D3-4143599141CD}.Release|x64.ActiveCfg = Release|x64
		{F3F49A68-C964-48AB-98D3-4143599141CD}.Release|x64.Build.0 = Release|x64
		{F3F49A68-C964-48AB-98D3-4143599141CD}.ReleaseWithVideo|x64.ActiveCfg = ReleaseWithVideo|x64
		{F3F49A68-C964-48AB-98D3-4143599141CD}.ReleaseWithVideo|x64.Build.0 = ReleaseWithVideo|x64
	EndGlobalSection
	GlobalSection(SolutionProperties) = preSolution
		HideSolutionNode = FALSE
	EndGlobalSection
	GlobalSection(ExtensibilityGlobals) = postSolution
		SolutionGuid = {39674D68-BE9F-4BEB-97AE-E68AB07196BA}
	EndGlobalSection
EndGlobal
